
Microsoft Visual Studio Solution File, Format Version 12.00
# Visual Studio Version 17
VisualStudioVersion = 17.5.002.0
MinimumVisualStudioVersion = 10.0.40219.1
Project("{9A19103F-16F7-4668-BE54-9A1E7A4F7556}") = "Telus_Payment_Calculator_app", "Telus_Payment_Calculator_app.csproj", "{53B4441A-42AE-4112-AD20-8C7E516459D0}"
EndProject
Global
	GlobalSection(SolutionConfigurationPlatforms) = preSolution
		Debug|Any CPU = Debug|Any CPU
		Release|Any CPU = Release|Any CPU
	EndGlobalSection
	GlobalSection(ProjectConfigurationPlatforms) = postSolution
		{53B4441A-42AE-4112-AD20-8C7E516459D0}.Debug|Any CPU.ActiveCfg = Debug|Any CPU
		{53B4441A-42AE-4112-AD20-8C7E516459D0}.Debug|Any CPU.Build.0 = Debug|Any CPU
		{53B4441A-42AE-4112-AD20-8C7E516459D0}.Release|Any CPU.ActiveCfg = Release|Any CPU
		{53B4441A-42AE-4112-AD20-8C7E516459D0}.Release|Any CPU.Build.0 = Release|Any CPU
	EndGlobalSection
	GlobalSection(SolutionProperties) = preSolution
		HideSolutionNode = FALSE
	EndGlobalSection
	GlobalSection(ExtensibilityGlobals) = postSolution
		SolutionGuid = {65CDC079-3AD4-4DC4-A17F-A42EDB2276E4}
	EndGlobalSection
EndGlobal
